
Microsoft Visual Studio Solution File, Format Version 12.00
# Visual Studio 16
Project("{FAE04EC0-301F-11D3-BF4B-00C04F79EFBC}") = "Assembly-CSharp", "Assembly-CSharp.csproj", "{B2C0A435-D4E8-6D69-0759-2002E178D70A}"
EndProject
Global
	GlobalSection(SolutionConfigurationPlatforms) = preSolution
		Debug|Any CPU = Debug|Any CPU
		Release|Any CPU = Release|Any CPU
	EndGlobalSection
	GlobalSection(ProjectConfigurationPlatforms) = postSolution
		{B2C0A435-D4E8-6D69-0759-2002E178D70A}.Debug|Any CPU.ActiveCfg = Debug|Any CPU
		{B2C0A435-D4E8-6D69-0759-2002E178D70A}.Debug|Any CPU.Build.0 = Debug|Any CPU
		{B2C0A435-D4E8-6D69-0759-2002E178D70A}.Release|Any CPU.ActiveCfg = Release|Any CPU
		{B2C0A435-D4E8-6D69-0759-2002E178D70A}.Release|Any CPU.Build.0 = Release|Any CPU
	EndGlobalSection
	GlobalSection(SolutionProperties) = preSolution
		HideSolutionNode = FALSE
	EndGlobalSection
EndGlobal
